
Microsoft Visual Studio Solution File, Format Version 12.00
# Visual Studio Version 17
VisualStudioVersion = 17.13.35919.96 d17.13
MinimumVisualStudioVersion = 10.0.40219.1
Project("{FAE04EC0-301F-11D3-BF4B-00C04F79EFBC}") = "DigitalCubicTask.API", "DigitalCubicTask.API\DigitalCubicTask.API.csproj", "{C066C6F9-5829-4E4F-837D-D87F8110ADBA}"
EndProject
Global
	GlobalSection(SolutionConfigurationPlatforms) = preSolution
		Debug|Any CPU = Debug|Any CPU
		Release|Any CPU = Release|Any CPU
	EndGlobalSection
	GlobalSection(ProjectConfigurationPlatforms) = postSolution
		{C066C6F9-5829-4E4F-837D-D87F8110ADBA}.Debug|Any CPU.ActiveCfg = Debug|Any CPU
		{C066C6F9-5829-4E4F-837D-D87F8110ADBA}.Debug|Any CPU.Build.0 = Debug|Any CPU
		{C066C6F9-5829-4E4F-837D-D87F8110ADBA}.Release|Any CPU.ActiveCfg = Release|Any CPU
		{C066C6F9-5829-4E4F-837D-D87F8110ADBA}.Release|Any CPU.Build.0 = Release|Any CPU
	EndGlobalSection
	GlobalSection(SolutionProperties) = preSolution
		HideSolutionNode = FALSE
	EndGlobalSection
	GlobalSection(ExtensibilityGlobals) = postSolution
		SolutionGuid = {F0162143-4465-42DD-A7CE-355DFA713192}
	EndGlobalSection
EndGlobal
